
Microsoft Visual Studio Solution File, Format Version 12.00
# Visual Studio Version 17
VisualStudioVersion = 17.8.34525.116
MinimumVisualStudioVersion = 10.0.40219.1
Project("{FAE04EC0-301F-11D3-BF4B-00C04F79EFBC}") = "CAAbstraction", "CAAbstraction\CAAbstraction.csproj", "{70F45320-1677-44A2-9C33-0B80F1F071BF}"
EndProject
Global
	GlobalSection(SolutionConfigurationPlatforms) = preSolution
		Debug|Any CPU = Debug|Any CPU
		Release|Any CPU = Release|Any CPU
	EndGlobalSection
	GlobalSection(ProjectConfigurationPlatforms) = postSolution
		{70F45320-1677-44A2-9C33-0B80F1F071BF}.Debug|Any CPU.ActiveCfg = Debug|Any CPU
		{70F45320-1677-44A2-9C33-0B80F1F071BF}.Debug|Any CPU.Build.0 = Debug|Any CPU
		{70F45320-1677-44A2-9C33-0B80F1F071BF}.Release|Any CPU.ActiveCfg = Release|Any CPU
		{70F45320-1677-44A2-9C33-0B80F1F071BF}.Release|Any CPU.Build.0 = Release|Any CPU
	EndGlobalSection
	GlobalSection(SolutionProperties) = preSolution
		HideSolutionNode = FALSE
	EndGlobalSection
	GlobalSection(ExtensibilityGlobals) = postSolution
		SolutionGuid = {88361296-562C-4242-B818-BD9DB410CDB7}
	EndGlobalSection
EndGlobal
